
Microsoft Visual Studio Solution File, Format Version 12.00
# Visual Studio Version 17
VisualStudioVersion = 17.7.34018.315
MinimumVisualStudioVersion = 10.0.40219.1
Project("{2150E333-8FDC-42A3-9474-1A3956D46DE8}") = "Gyula", "Gyula", "{557032E0-30BF-4E39-B105-DF54404C7D6B}"
EndProject
Project("{FAE04EC0-301F-11D3-BF4B-00C04F79EFBC}") = "Gyula", "Gyula\Gyula.csproj", "{6753DE90-84CF-438D-9E72-97DAEF0076AA}"
EndProject
Project("{2150E333-8FDC-42A3-9474-1A3956D46DE8}") = "Lukas", "Lukas", "{5C161990-1570-43E9-B602-383FFDFB50A4}"
EndProject
Project("{FAE04EC0-301F-11D3-BF4B-00C04F79EFBC}") = "Lukas", "Lukas\Lukas.csproj", "{DBBC083F-FDA5-4123-B8B6-B79FCDD4B1DC}"
EndProject
Project("{2150E333-8FDC-42A3-9474-1A3956D46DE8}") = "Ali", "Ali", "{C03975C9-0506-4274-B045-09219BBB5903}"
EndProject
Project("{FAE04EC0-301F-11D3-BF4B-00C04F79EFBC}") = "Ali", "Ali\Ali.csproj", "{6A8A1985-9B39-4D26-926C-4147BAAB9240}"
EndProject
Project("{2150E333-8FDC-42A3-9474-1A3956D46DE8}") = "Cemal", "Cemal", "{D7473303-FBA8-4AF9-8ED0-269BB7DAE2C6}"
EndProject
Project("{FAE04EC0-301F-11D3-BF4B-00C04F79EFBC}") = "Cemal", "Cemal\Cemal.csproj", "{2285F739-0705-4859-BE8C-D30743C31F75}"
EndProject
Project("{2150E333-8FDC-42A3-9474-1A3956D46DE8}") = "DarioLuis", "DarioLuis", "{16F3F13A-342A-46EB-A469-1C352BB37633}"
EndProject
Project("{FAE04EC0-301F-11D3-BF4B-00C04F79EFBC}") = "DarioLuis", "DarioLuis\DarioLuis.csproj", "{9468A8FC-619A-4CCD-B6B8-5D86D8B4303C}"
EndProject
Project("{2150E333-8FDC-42A3-9474-1A3956D46DE8}") = "David", "David", "{B4BB7C06-0BFD-4CBE-A680-640F4047F4CA}"
EndProject
Project("{FAE04EC0-301F-11D3-BF4B-00C04F79EFBC}") = "David", "David\David.csproj", "{4A4DE8A1-A72B-4289-9247-54D906B84ED8}"
EndProject
Project("{2150E333-8FDC-42A3-9474-1A3956D46DE8}") = "Dimitri", "Dimitri", "{D0B642D5-BA74-4D8C-87B7-115A0DFD9731}"
EndProject
Project("{FAE04EC0-301F-11D3-BF4B-00C04F79EFBC}") = "Dimitri", "Dimitri\Dimitri.csproj", "{21CE9E3C-C74C-4DC1-8DF2-136FF1F7A56C}"
EndProject
Project("{2150E333-8FDC-42A3-9474-1A3956D46DE8}") = "Eren", "Eren", "{C8595C14-B361-4DCC-A278-398EF4D3E48F}"
EndProject
Project("{FAE04EC0-301F-11D3-BF4B-00C04F79EFBC}") = "Eren", "Eren\Eren.csproj", "{E676C430-10A3-48E5-A046-527EE6C6CDA3}"
EndProject
Project("{2150E333-8FDC-42A3-9474-1A3956D46DE8}") = "Erik", "Erik", "{26E8E9D7-B2D8-442D-9563-407BCF5AEF28}"
EndProject
Project("{FAE04EC0-301F-11D3-BF4B-00C04F79EFBC}") = "Erik", "Erik\Erik.csproj", "{EB1840B5-14CA-4472-8789-1BF5FCAC6171}"
EndProject
Project("{2150E333-8FDC-42A3-9474-1A3956D46DE8}") = "Fabian", "Fabian", "{93EC0DB7-47D1-4B68-9D36-CD683F8903E1}"
EndProject
Project("{FAE04EC0-301F-11D3-BF4B-00C04F79EFBC}") = "Fabian", "Fabian\Fabian.csproj", "{9F805725-89B7-4C58-BB3D-B8B84C418B15}"
EndProject
Project("{2150E333-8FDC-42A3-9474-1A3956D46DE8}") = "Fabienne", "Fabienne", "{C10BB50D-3498-40CD-8B14-1CAFFD0B1EB2}"
EndProject
Project("{FAE04EC0-301F-11D3-BF4B-00C04F79EFBC}") = "Fabienne", "Fabienne\Fabienne.csproj", "{8C0AF3B7-5929-4D46-B8E6-0309730EF0A7}"
EndProject
Project("{2150E333-8FDC-42A3-9474-1A3956D46DE8}") = "Gheorghe", "Gheorghe", "{5BA6EE60-490B-453F-8F8E-0C4A7CD356A5}"
EndProject
Project("{FAE04EC0-301F-11D3-BF4B-00C04F79EFBC}") = "Gheorghe", "Gheorghe\Gheorghe.csproj", "{58D992A2-0F12-4EFE-BDDF-9852D44CC8A1}"
EndProject
Project("{2150E333-8FDC-42A3-9474-1A3956D46DE8}") = "Jovo", "Jovo", "{3ED81F35-AE88-4B7C-A1E8-3D4DA3081AE3}"
EndProject
Project("{FAE04EC0-301F-11D3-BF4B-00C04F79EFBC}") = "Jovo", "Jovo\Jovo.csproj", "{D9D80F7C-5534-434F-AB33-09CA6036504D}"
EndProject
Project("{2150E333-8FDC-42A3-9474-1A3956D46DE8}") = "Kerem", "Kerem", "{A2372E86-3C2C-4153-AC57-65914F6FCA20}"
EndProject
Project("{FAE04EC0-301F-11D3-BF4B-00C04F79EFBC}") = "Kerem", "Kerem\Kerem.csproj", "{4D9C3F52-DFF6-46CA-9E97-F93E9C83F937}"
EndProject
Project("{2150E333-8FDC-42A3-9474-1A3956D46DE8}") = "Martin", "Martin", "{3FFA11B6-FCE2-492E-8636-91A7B376CDA9}"
EndProject
Project("{FAE04EC0-301F-11D3-BF4B-00C04F79EFBC}") = "Martin", "Martin\Martin.csproj", "{38BB030B-822E-40BB-8309-3767ECAE46A2}"
EndProject
Project("{2150E333-8FDC-42A3-9474-1A3956D46DE8}") = "Mehmet", "Mehmet", "{5F20E579-3A67-4529-8569-426542F6EBFB}"
EndProject
Project("{FAE04EC0-301F-11D3-BF4B-00C04F79EFBC}") = "Mehmet", "Mehmet\Mehmet.csproj", "{451E0759-C5BA-46BD-9D3D-2E356F38C143}"
EndProject
Project("{2150E333-8FDC-42A3-9474-1A3956D46DE8}") = "Michael", "Michael", "{1B3A8C04-8F41-459C-A85D-BE8557774C23}"
EndProject
Project("{FAE04EC0-301F-11D3-BF4B-00C04F79EFBC}") = "Michael", "Michael\Michael.csproj", "{8360B3AE-B698-4BAB-BB29-A3DD9C151A7D}"
EndProject
Project("{2150E333-8FDC-42A3-9474-1A3956D46DE8}") = "Mohammed", "Mohammed", "{97527437-DE2F-45BC-AE22-292FCA53943E}"
EndProject
Project("{FAE04EC0-301F-11D3-BF4B-00C04F79EFBC}") = "Mohammed", "Mohammed\Mohammed.csproj", "{CFED835D-F791-47DE-9591-2CCBAD97C5DF}"
EndProject
Project("{2150E333-8FDC-42A3-9474-1A3956D46DE8}") = "Niklas", "Niklas", "{1310CAFB-3F90-4266-B500-E855B92EAFCA}"
EndProject
Project("{FAE04EC0-301F-11D3-BF4B-00C04F79EFBC}") = "Niklas", "Niklas\Niklas.csproj", "{56F6B909-78B7-46AF-8455-FF647792CEAF}"
EndProject
Project("{2150E333-8FDC-42A3-9474-1A3956D46DE8}") = "Patrick", "Patrick", "{5963E8DA-96D3-4604-B707-811146781828}"
EndProject
Project("{FAE04EC0-301F-11D3-BF4B-00C04F79EFBC}") = "Patrick", "Patrick\Patrick.csproj", "{406CD9E6-39D8-4E71-AFEE-B9D465047DBD}"
EndProject
Project("{2150E333-8FDC-42A3-9474-1A3956D46DE8}") = "Riccardo", "Riccardo", "{ABFBCF10-89AC-490F-8DA6-3159E2B3EDD4}"
EndProject
Project("{FAE04EC0-301F-11D3-BF4B-00C04F79EFBC}") = "Riccardo", "Riccardo\Riccardo.csproj", "{F3626BA8-E3D5-4D34-8085-15F346A2500B}"
EndProject
Project("{2150E333-8FDC-42A3-9474-1A3956D46DE8}") = "Selina", "Selina", "{00794118-455E-4F97-BEB2-A1BE3FB0FAA2}"
EndProject
Project("{FAE04EC0-301F-11D3-BF4B-00C04F79EFBC}") = "Selina", "Selina\Selina.csproj", "{BF882BBE-C7B3-4E5D-8913-408427F25894}"
EndProject
Project("{2150E333-8FDC-42A3-9474-1A3956D46DE8}") = "Simon", "Simon", "{0CB6EC79-EA77-44B6-B39E-9547C4AE41D3}"
EndProject
Project("{FAE04EC0-301F-11D3-BF4B-00C04F79EFBC}") = "Simon", "Simon\Simon.csproj", "{BBB755D3-7014-4526-8B1A-07C82EFC9D29}"
EndProject
Project("{2150E333-8FDC-42A3-9474-1A3956D46DE8}") = "Sven", "Sven", "{09D02F44-6DE2-48FE-8A92-1805B5CAD110}"
EndProject
Project("{FAE04EC0-301F-11D3-BF4B-00C04F79EFBC}") = "Sven", "Sven\Sven.csproj", "{5C07EC34-AAAE-4B0D-BC0E-D8E0A3BEBAC1}"
EndProject
Project("{2150E333-8FDC-42A3-9474-1A3956D46DE8}") = "Timo", "Timo", "{AD62858F-8DC8-449B-8384-A36E680FA70E}"
EndProject
Project("{FAE04EC0-301F-11D3-BF4B-00C04F79EFBC}") = "Timo", "Timo\Timo.csproj", "{FB493C95-31A4-4049-AE09-07EC9CB517C4}"
EndProject
Global
	GlobalSection(SolutionConfigurationPlatforms) = preSolution
		Debug|Any CPU = Debug|Any CPU
		Release|Any CPU = Release|Any CPU
	EndGlobalSection
	GlobalSection(ProjectConfigurationPlatforms) = postSolution
		{6753DE90-84CF-438D-9E72-97DAEF0076AA}.Debug|Any CPU.ActiveCfg = Debug|Any CPU
		{6753DE90-84CF-438D-9E72-97DAEF0076AA}.Debug|Any CPU.Build.0 = Debug|Any CPU
		{6753DE90-84CF-438D-9E72-97DAEF0076AA}.Release|Any CPU.ActiveCfg = Release|Any CPU
		{6753DE90-84CF-438D-9E72-97DAEF0076AA}.Release|Any CPU.Build.0 = Release|Any CPU
		{DBBC083F-FDA5-4123-B8B6-B79FCDD4B1DC}.Debug|Any CPU.ActiveCfg = Debug|Any CPU
		{DBBC083F-FDA5-4123-B8B6-B79FCDD4B1DC}.Debug|Any CPU.Build.0 = Debug|Any CPU
		{DBBC083F-FDA5-4123-B8B6-B79FCDD4B1DC}.Release|Any CPU.ActiveCfg = Release|Any CPU
		{DBBC083F-FDA5-4123-B8B6-B79FCDD4B1DC}.Release|Any CPU.Build.0 = Release|Any CPU
		{6A8A1985-9B39-4D26-926C-4147BAAB9240}.Debug|Any CPU.ActiveCfg = Debug|Any CPU
		{6A8A1985-9B39-4D26-926C-4147BAAB9240}.Debug|Any CPU.Build.0 = Debug|Any CPU
		{6A8A1985-9B39-4D26-926C-4147BAAB9240}.Release|Any CPU.ActiveCfg = Release|Any CPU
		{6A8A1985-9B39-4D26-926C-4147BAAB9240}.Release|Any CPU.Build.0 = Release|Any CPU
		{2285F739-0705-4859-BE8C-D30743C31F75}.Debug|Any CPU.ActiveCfg = Debug|Any CPU
		{2285F739-0705-4859-BE8C-D30743C31F75}.Debug|Any CPU.Build.0 = Debug|Any CPU
		{2285F739-0705-4859-BE8C-D30743C31F75}.Release|Any CPU.ActiveCfg = Release|Any CPU
		{2285F739-0705-4859-BE8C-D30743C31F75}.Release|Any CPU.Build.0 = Release|Any CPU
		{9468A8FC-619A-4CCD-B6B8-5D86D8B4303C}.Debug|Any CPU.ActiveCfg = Debug|Any CPU
		{9468A8FC-619A-4CCD-B6B8-5D86D8B4303C}.Debug|Any CPU.Build.0 = Debug|Any CPU
		{9468A8FC-619A-4CCD-B6B8-5D86D8B4303C}.Release|Any CPU.ActiveCfg = Release|Any CPU
		{9468A8FC-619A-4CCD-B6B8-5D86D8B4303C}.Release|Any CPU.Build.0 = Release|Any CPU
		{4A4DE8A1-A72B-4289-9247-54D906B84ED8}.Debug|Any CPU.ActiveCfg = Debug|Any CPU
		{4A4DE8A1-A72B-4289-9247-54D906B84ED8}.Debug|Any CPU.Build.0 = Debug|Any CPU
		{4A4DE8A1-A72B-4289-9247-54D906B84ED8}.Release|Any CPU.ActiveCfg = Release|Any CPU
		{4A4DE8A1-A72B-4289-9247-54D906B84ED8}.Release|Any CPU.Build.0 = Release|Any CPU
		{21CE9E3C-C74C-4DC1-8DF2-136FF1F7A56C}.Debug|Any CPU.ActiveCfg = Debug|Any CPU
		{21CE9E3C-C74C-4DC1-8DF2-136FF1F7A56C}.Debug|Any CPU.Build.0 = Debug|Any CPU
		{21CE9E3C-C74C-4DC1-8DF2-136FF1F7A56C}.Release|Any CPU.ActiveCfg = Release|Any CPU
		{21CE9E3C-C74C-4DC1-8DF2-136FF1F7A56C}.Release|Any CPU.Build.0 = Release|Any CPU
		{E676C430-10A3-48E5-A046-527EE6C6CDA3}.Debug|Any CPU.ActiveCfg = Debug|Any CPU
		{E676C430-10A3-48E5-A046-527EE6C6CDA3}.Debug|Any CPU.Build.0 = Debug|Any CPU
		{E676C430-10A3-48E5-A046-527EE6C6CDA3}.Release|Any CPU.ActiveCfg = Release|Any CPU
		{E676C430-10A3-48E5-A046-527EE6C6CDA3}.Release|Any CPU.Build.0 = Release|Any CPU
		{EB1840B5-14CA-4472-8789-1BF5FCAC6171}.Debug|Any CPU.ActiveCfg = Debug|Any CPU
		{EB1840B5-14CA-4472-8789-1BF5FCAC6171}.Debug|Any CPU.Build.0 = Debug|Any CPU
		{EB1840B5-14CA-4472-8789-1BF5FCAC6171}.Release|Any CPU.ActiveCfg = Release|Any CPU
		{EB1840B5-14CA-4472-8789-1BF5FCAC6171}.Release|Any CPU.Build.0 = Release|Any CPU
		{9F805725-89B7-4C58-BB3D-B8B84C418B15}.Debug|Any CPU.ActiveCfg = Debug|Any CPU
		{9F805725-89B7-4C58-BB3D-B8B84C418B15}.Debug|Any CPU.Build.0 = Debug|Any CPU
		{9F805725-89B7-4C58-BB3D-B8B84C418B15}.Release|Any CPU.ActiveCfg = Release|Any CPU
		{9F805725-89B7-4C58-BB3D-B8B84C418B15}.Release|Any CPU.Build.0 = Release|Any CPU
		{8C0AF3B7-5929-4D46-B8E6-0309730EF0A7}.Debug|Any CPU.ActiveCfg = Debug|Any CPU
		{8C0AF3B7-5929-4D46-B8E6-0309730EF0A7}.Debug|Any CPU.Build.0 = Debug|Any CPU
		{8C0AF3B7-5929-4D46-B8E6-0309730EF0A7}.Release|Any CPU.ActiveCfg = Release|Any CPU
		{8C0AF3B7-5929-4D46-B8E6-0309730EF0A7}.Release|Any CPU.Build.0 = Release|Any CPU
		{58D992A2-0F12-4EFE-BDDF-9852D44CC8A1}.Debug|Any CPU.ActiveCfg = Debug|Any CPU
		{58D992A2-0F12-4EFE-BDDF-9852D44CC8A1}.Debug|Any CPU.Build.0 = Debug|Any CPU
		{58D992A2-0F12-4EFE-BDDF-9852D44CC8A1}.Release|Any CPU.ActiveCfg = Release|Any CPU
		{58D992A2-0F12-4EFE-BDDF-9852D44CC8A1}.Release|Any CPU.Build.0 = Release|Any CPU
		{D9D80F7C-5534-434F-AB33-09CA6036504D}.Debug|Any CPU.ActiveCfg = Debug|Any CPU
		{D9D80F7C-5534-434F-AB33-09CA6036504D}.Debug|Any CPU.Build.0 = Debug|Any CPU
		{D9D80F7C-5534-434F-AB33-09CA6036504D}.Release|Any CPU.ActiveCfg = Release|Any CPU
		{D9D80F7C-5534-434F-AB33-09CA6036504D}.Release|Any CPU.Build.0 = Release|Any CPU
		{4D9C3F52-DFF6-46CA-9E97-F93E9C83F937}.Debug|Any CPU.ActiveCfg = Debug|Any CPU
		{4D9C3F52-DFF6-46CA-9E97-F93E9C83F937}.Debug|Any CPU.Build.0 = Debug|Any CPU
		{4D9C3F52-DFF6-46CA-9E97-F93E9C83F937}.Release|Any CPU.ActiveCfg = Release|Any CPU
		{4D9C3F52-DFF6-46CA-9E97-F93E9C83F937}.Release|Any CPU.Build.0 = Release|Any CPU
		{38BB030B-822E-40BB-8309-3767ECAE46A2}.Debug|Any CPU.ActiveCfg = Debug|Any CPU
		{38BB030B-822E-40BB-8309-3767ECAE46A2}.Debug|Any CPU.Build.0 = Debug|Any CPU
		{38BB030B-822E-40BB-8309-3767ECAE46A2}.Release|Any CPU.ActiveCfg = Release|Any CPU
		{38BB030B-822E-40BB-8309-3767ECAE46A2}.Release|Any CPU.Build.0 = Release|Any CPU
		{451E0759-C5BA-46BD-9D3D-2E356F38C143}.Debug|Any CPU.ActiveCfg = Debug|Any CPU
		{451E0759-C5BA-46BD-9D3D-2E356F38C143}.Debug|Any CPU.Build.0 = Debug|Any CPU
		{451E0759-C5BA-46BD-9D3D-2E356F38C143}.Release|Any CPU.ActiveCfg = Release|Any CPU
		{451E0759-C5BA-46BD-9D3D-2E356F38C143}.Release|Any CPU.Build.0 = Release|Any CPU
		{8360B3AE-B698-4BAB-BB29-A3DD9C151A7D}.Debug|Any CPU.ActiveCfg = Debug|Any CPU
		{8360B3AE-B698-4BAB-BB29-A3DD9C151A7D}.Debug|Any CPU.Build.0 = Debug|Any CPU
		{8360B3AE-B698-4BAB-BB29-A3DD9C151A7D}.Release|Any CPU.ActiveCfg = Release|Any CPU
		{8360B3AE-B698-4BAB-BB29-A3DD9C151A7D}.Release|Any CPU.Build.0 = Release|Any CPU
		{CFED835D-F791-47DE-9591-2CCBAD97C5DF}.Debug|Any CPU.ActiveCfg = Debug|Any CPU
		{CFED835D-F791-47DE-9591-2CCBAD97C5DF}.Debug|Any CPU.Build.0 = Debug|Any CPU
		{CFED835D-F791-47DE-9591-2CCBAD97C5DF}.Release|Any CPU.ActiveCfg = Release|Any CPU
		{CFED835D-F791-47DE-9591-2CCBAD97C5DF}.Release|Any CPU.Build.0 = Release|Any CPU
		{56F6B909-78B7-46AF-8455-FF647792CEAF}.Debug|Any CPU.ActiveCfg = Debug|Any CPU
		{56F6B909-78B7-46AF-8455-FF647792CEAF}.Debug|Any CPU.Build.0 = Debug|Any CPU
		{56F6B909-78B7-46AF-8455-FF647792CEAF}.Release|Any CPU.ActiveCfg = Release|Any CPU
		{56F6B909-78B7-46AF-8455-FF647792CEAF}.Release|Any CPU.Build.0 = Release|Any CPU
		{406CD9E6-39D8-4E71-AFEE-B9D465047DBD}.Debug|Any CPU.ActiveCfg = Debug|Any CPU
		{406CD9E6-39D8-4E71-AFEE-B9D465047DBD}.Debug|Any CPU.Build.0 = Debug|Any CPU
		{406CD9E6-39D8-4E71-AFEE-B9D465047DBD}.Release|Any CPU.ActiveCfg = Release|Any CPU
		{406CD9E6-39D8-4E71-AFEE-B9D465047DBD}.Release|Any CPU.Build.0 = Release|Any CPU
		{F3626BA8-E3D5-4D34-8085-15F346A2500B}.Debug|Any CPU.ActiveCfg = Debug|Any CPU
		{F3626BA8-E3D5-4D34-8085-15F346A2500B}.Debug|Any CPU.Build.0 = Debug|Any CPU
		{F3626BA8-E3D5-4D34-8085-15F346A2500B}.Release|Any CPU.ActiveCfg = Release|Any CPU
		{F3626BA8-E3D5-4D34-8085-15F346A2500B}.Release|Any CPU.Build.0 = Release|Any CPU
		{BF882BBE-C7B3-4E5D-8913-408427F25894}.Debug|Any CPU.ActiveCfg = Debug|Any CPU
		{BF882BBE-C7B3-4E5D-8913-408427F25894}.Debug|Any CPU.Build.0 = Debug|Any CPU
		{BF882BBE-C7B3-4E5D-8913-408427F25894}.Release|Any CPU.ActiveCfg = Release|Any CPU
		{BF882BBE-C7B3-4E5D-8913-408427F25894}.Release|Any CPU.Build.0 = Release|Any CPU
		{BBB755D3-7014-4526-8B1A-07C82EFC9D29}.Debug|Any CPU.ActiveCfg = Debug|Any CPU
		{BBB755D3-7014-4526-8B1A-07C82EFC9D29}.Debug|Any CPU.Build.0 = Debug|Any CPU
		{BBB755D3-7014-4526-8B1A-07C82EFC9D29}.Release|Any CPU.ActiveCfg = Release|Any CPU
		{BBB755D3-7014-4526-8B1A-07C82EFC9D29}.Release|Any CPU.Build.0 = Release|Any CPU
		{5C07EC34-AAAE-4B0D-BC0E-D8E0A3BEBAC1}.Debug|Any CPU.ActiveCfg = Debug|Any CPU
		{5C07EC34-AAAE-4B0D-BC0E-D8E0A3BEBAC1}.Debug|Any CPU.Build.0 = Debug|Any CPU
		{5C07EC34-AAAE-4B0D-BC0E-D8E0A3BEBAC1}.Release|Any CPU.ActiveCfg = Release|Any CPU
		{5C07EC34-AAAE-4B0D-BC0E-D8E0A3BEBAC1}.Release|Any CPU.Build.0 = Release|Any CPU
		{FB493C95-31A4-4049-AE09-07EC9CB517C4}.Debug|Any CPU.ActiveCfg = Debug|Any CPU
		{FB493C95-31A4-4049-AE09-07EC9CB517C4}.Debug|Any CPU.Build.0 = Debug|Any CPU
		{FB493C95-31A4-4049-AE09-07EC9CB517C4}.Release|Any CPU.ActiveCfg = Release|Any CPU
		{FB493C95-31A4-4049-AE09-07EC9CB517C4}.Release|Any CPU.Build.0 = Release|Any CPU
	EndGlobalSection
	GlobalSection(SolutionProperties) = preSolution
		HideSolutionNode = FALSE
	EndGlobalSection
	GlobalSection(NestedProjects) = preSolution
		{6753DE90-84CF-438D-9E72-97DAEF0076AA} = {557032E0-30BF-4E39-B105-DF54404C7D6B}
		{DBBC083F-FDA5-4123-B8B6-B79FCDD4B1DC} = {5C161990-1570-43E9-B602-383FFDFB50A4}
		{6A8A1985-9B39-4D26-926C-4147BAAB9240} = {C03975C9-0506-4274-B045-09219BBB5903}
		{2285F739-0705-4859-BE8C-D30743C31F75} = {D7473303-FBA8-4AF9-8ED0-269BB7DAE2C6}
		{9468A8FC-619A-4CCD-B6B8-5D86D8B4303C} = {16F3F13A-342A-46EB-A469-1C352BB37633}
		{4A4DE8A1-A72B-4289-9247-54D906B84ED8} = {B4BB7C06-0BFD-4CBE-A680-640F4047F4CA}
		{21CE9E3C-C74C-4DC1-8DF2-136FF1F7A56C} = {D0B642D5-BA74-4D8C-87B7-115A0DFD9731}
		{E676C430-10A3-48E5-A046-527EE6C6CDA3} = {C8595C14-B361-4DCC-A278-398EF4D3E48F}
		{EB1840B5-14CA-4472-8789-1BF5FCAC6171} = {26E8E9D7-B2D8-442D-9563-407BCF5AEF28}
		{9F805725-89B7-4C58-BB3D-B8B84C418B15} = {93EC0DB7-47D1-4B68-9D36-CD683F8903E1}
		{8C0AF3B7-5929-4D46-B8E6-0309730EF0A7} = {C10BB50D-3498-40CD-8B14-1CAFFD0B1EB2}
		{58D992A2-0F12-4EFE-BDDF-9852D44CC8A1} = {5BA6EE60-490B-453F-8F8E-0C4A7CD356A5}
		{D9D80F7C-5534-434F-AB33-09CA6036504D} = {3ED81F35-AE88-4B7C-A1E8-3D4DA3081AE3}
		{4D9C3F52-DFF6-46CA-9E97-F93E9C83F937} = {A2372E86-3C2C-4153-AC57-65914F6FCA20}
		{38BB030B-822E-40BB-8309-3767ECAE46A2} = {3FFA11B6-FCE2-492E-8636-91A7B376CDA9}
		{451E0759-C5BA-46BD-9D3D-2E356F38C143} = {5F20E579-3A67-4529-8569-426542F6EBFB}
		{8360B3AE-B698-4BAB-BB29-A3DD9C151A7D} = {1B3A8C04-8F41-459C-A85D-BE8557774C23}
		{CFED835D-F791-47DE-9591-2CCBAD97C5DF} = {97527437-DE2F-45BC-AE22-292FCA53943E}
		{56F6B909-78B7-46AF-8455-FF647792CEAF} = {1310CAFB-3F90-4266-B500-E855B92EAFCA}
		{406CD9E6-39D8-4E71-AFEE-B9D465047DBD} = {5963E8DA-96D3-4604-B707-811146781828}
		{F3626BA8-E3D5-4D34-8085-15F346A2500B} = {ABFBCF10-89AC-490F-8DA6-3159E2B3EDD4}
		{BF882BBE-C7B3-4E5D-8913-408427F25894} = {00794118-455E-4F97-BEB2-A1BE3FB0FAA2}
		{BBB755D3-7014-4526-8B1A-07C82EFC9D29} = {0CB6EC79-EA77-44B6-B39E-9547C4AE41D3}
		{5C07EC34-AAAE-4B0D-BC0E-D8E0A3BEBAC1} = {09D02F44-6DE2-48FE-8A92-1805B5CAD110}
		{FB493C95-31A4-4049-AE09-07EC9CB517C4} = {AD62858F-8DC8-449B-8384-A36E680FA70E}
	EndGlobalSection
	GlobalSection(ExtensibilityGlobals) = postSolution
		SolutionGuid = {B07BC454-1B73-476D-91CF-CC509D14D195}
	EndGlobalSection
EndGlobal
