
Microsoft Visual Studio Solution File, Format Version 12.00
# Visual Studio Version 17
VisualStudioVersion = 17.7.34018.315
MinimumVisualStudioVersion = 10.0.40219.1
Project("{2150E333-8FDC-42A3-9474-1A3956D46DE8}") = "Gyula", "Gyula", "{557032E0-30BF-4E39-B105-DF54404C7D6B}"
EndProject
Project("{FAE04EC0-301F-11D3-BF4B-00C04F79EFBC}") = "Gyula", "Gyula\Gyula.csproj", "{6753DE90-84CF-438D-9E72-97DAEF0076AA}"
EndProject
Global
	GlobalSection(SolutionConfigurationPlatforms) = preSolution
		Debug|Any CPU = Debug|Any CPU
		Release|Any CPU = Release|Any CPU
	EndGlobalSection
	GlobalSection(ProjectConfigurationPlatforms) = postSolution
		{6753DE90-84CF-438D-9E72-97DAEF0076AA}.Debug|Any CPU.ActiveCfg = Debug|Any CPU
		{6753DE90-84CF-438D-9E72-97DAEF0076AA}.Debug|Any CPU.Build.0 = Debug|Any CPU
		{6753DE90-84CF-438D-9E72-97DAEF0076AA}.Release|Any CPU.ActiveCfg = Release|Any CPU
		{6753DE90-84CF-438D-9E72-97DAEF0076AA}.Release|Any CPU.Build.0 = Release|Any CPU
	EndGlobalSection
	GlobalSection(SolutionProperties) = preSolution
		HideSolutionNode = FALSE
	EndGlobalSection
	GlobalSection(NestedProjects) = preSolution
		{6753DE90-84CF-438D-9E72-97DAEF0076AA} = {557032E0-30BF-4E39-B105-DF54404C7D6B}
	EndGlobalSection
	GlobalSection(ExtensibilityGlobals) = postSolution
		SolutionGuid = {B07BC454-1B73-476D-91CF-CC509D14D195}
	EndGlobalSection
EndGlobal
