
Microsoft Visual Studio Solution File, Format Version 12.00
# Visual Studio Version 16
VisualStudioVersion = 25.0.1706.4
MinimumVisualStudioVersion = 10.0.40219.1
Project("{2150E333-8FDC-42A3-9474-1A3956D46DE8}") = "Gyula", "Gyula", "{CA65907C-7DD1-4F57-A2AE-804A3B90189A}"
EndProject
Project("{2150E333-8FDC-42A3-9474-1A3956D46DE8}") = "Week01", "Week01", "{4F89E97C-CE72-4AAF-A1BA-AE94FF843870}"
EndProject
Project("{FAE04EC0-301F-11D3-BF4B-00C04F79EFBC}") = "Gyula_HelloWorld", "HelloWorld\Gyula_HelloWorld.csproj", "{5D4014DD-B92D-4981-BC93-DAAF30FCC71C}"
EndProject
Project("{2150E333-8FDC-42A3-9474-1A3956D46DE8}") = "Lukas", "Lukas", "{56A07756-A604-4265-B79E-AD421DDAD485}"
EndProject
Project("{2150E333-8FDC-42A3-9474-1A3956D46DE8}") = "Week01", "Week01", "{84AE970F-12FA-4B20-89D1-20BE216BF43B}"
EndProject
Project("{FAE04EC0-301F-11D3-BF4B-00C04F79EFBC}") = "Lukas_HelloWorld", "Lukas_HelloWorld\Lukas_HelloWorld.csproj", "{637BC1D0-EB63-43E8-A435-76C4ADE67523}"
EndProject
Project("{2150E333-8FDC-42A3-9474-1A3956D46DE8}") = "Hassan", "Hassan", "{819F581F-FBE0-4C5F-997D-C3627BB07BDF}"
EndProject
Project("{2150E333-8FDC-42A3-9474-1A3956D46DE8}") = "Week01", "Week01", "{A19AE8E8-1A79-4271-9AA2-3BBA85F700D1}"
EndProject
Project("{FAE04EC0-301F-11D3-BF4B-00C04F79EFBC}") = "Hassan_HelloWorld", "Hassan_HelloWorld\Hassan_HelloWorld.csproj", "{8DAFE76C-F740-4AD6-942E-E65A8EFEA8F4}"
EndProject
Project("{2150E333-8FDC-42A3-9474-1A3956D46DE8}") = "Sandro", "Sandro", "{BAA9C2DA-0C41-4E1C-A88F-8775C44F0535}"
EndProject
Project("{2150E333-8FDC-42A3-9474-1A3956D46DE8}") = "Week01", "Week01", "{1FE6B2F5-8330-4610-8A87-6B820BD28E13}"
EndProject
Project("{FAE04EC0-301F-11D3-BF4B-00C04F79EFBC}") = "Sandro_HelloWorld", "Sandro_HelloWorld\Sandro_HelloWorld.csproj", "{E20EF467-6C7C-4FB0-90E2-D96E49D42100}"
EndProject
Project("{2150E333-8FDC-42A3-9474-1A3956D46DE8}") = "Berna", "Berna", "{5239CA2A-355A-4415-ADB3-3E7DA8D2F6B7}"
EndProject
Project("{2150E333-8FDC-42A3-9474-1A3956D46DE8}") = "Week01", "Week01", "{42AB147D-DBF3-4004-A9F9-06E761F3EFB3}"
EndProject
Project("{FAE04EC0-301F-11D3-BF4B-00C04F79EFBC}") = "Berna_HelloWorld", "Berna_HelloWorld\Berna_HelloWorld.csproj", "{70508288-D934-4F3E-A7AD-86C3BAD16C92}"
EndProject
Project("{2150E333-8FDC-42A3-9474-1A3956D46DE8}") = "Erik", "Erik", "{D85F55AF-5F63-4884-9570-050F6CADFB9B}"
EndProject
Project("{2150E333-8FDC-42A3-9474-1A3956D46DE8}") = "Week01", "Week01", "{ABFBFFC7-16B8-4664-A546-A66B7CD18620}"
EndProject
Project("{FAE04EC0-301F-11D3-BF4B-00C04F79EFBC}") = "Erik_HelloWorld", "Erik_HelloWorld\Erik_HelloWorld.csproj", "{08A2FBCC-704E-4F74-8E48-99D6B4A3FCA2}"
EndProject
Project("{2150E333-8FDC-42A3-9474-1A3956D46DE8}") = "David", "David", "{D6992BCE-DECA-4B89-B49B-BED449202FF0}"
EndProject
Project("{2150E333-8FDC-42A3-9474-1A3956D46DE8}") = "Week01", "Week01", "{90CB8755-8430-447F-B3CA-1777E7E1C677}"
EndProject
Project("{FAE04EC0-301F-11D3-BF4B-00C04F79EFBC}") = "David_HelloWorld", "David_HelloWorld\David_HelloWorld.csproj", "{1AC2B366-0E82-4D0B-961F-8F40A64ACA5E}"
EndProject
Project("{2150E333-8FDC-42A3-9474-1A3956D46DE8}") = "Gheorghe", "Gheorghe", "{7D83FF7E-B401-42BF-BC99-BAEC4A285D3D}"
EndProject
Project("{2150E333-8FDC-42A3-9474-1A3956D46DE8}") = "Week01", "Week01", "{400A5687-90A5-4D8C-BB8D-603FF65E20D8}"
EndProject
Project("{FAE04EC0-301F-11D3-BF4B-00C04F79EFBC}") = "Gheorghe_HelloWorld", "Gheorghe_HelloWorld\Gheorghe_HelloWorld.csproj", "{E5C2E703-1340-44CE-B36B-2639874831B2}"
EndProject
Project("{2150E333-8FDC-42A3-9474-1A3956D46DE8}") = "Mohammed", "Mohammed", "{E131AA30-290B-4046-8648-E3BEA1CE3280}"
EndProject
Project("{2150E333-8FDC-42A3-9474-1A3956D46DE8}") = "Week01", "Week01", "{929D0B49-990F-4AA1-AE57-1B76CA6D86D3}"
EndProject
Project("{FAE04EC0-301F-11D3-BF4B-00C04F79EFBC}") = "Mohammed_HelloWorld", "Mohammed_HelloWorld\Mohammed_HelloWorld.csproj", "{21C21756-686E-402D-8294-F24960782335}"
EndProject
Project("{2150E333-8FDC-42A3-9474-1A3956D46DE8}") = "Martin", "Martin", "{F43CF457-142A-49D6-9846-940DC74668EF}"
EndProject
Project("{2150E333-8FDC-42A3-9474-1A3956D46DE8}") = "Week01", "Week01", "{3B3D9DDA-0D0F-4364-B274-E300AD3A6A2E}"
EndProject
Project("{FAE04EC0-301F-11D3-BF4B-00C04F79EFBC}") = "Martin_HelloWorld", "Martin_HelloWorld\Martin_HelloWorld.csproj", "{D5C30D5C-4399-425B-A213-7E959927189B}"
EndProject
Project("{2150E333-8FDC-42A3-9474-1A3956D46DE8}") = "Fabienne", "Fabienne", "{66AC3F24-7B99-4A23-B997-0D712149EE23}"
EndProject
Project("{2150E333-8FDC-42A3-9474-1A3956D46DE8}") = "Week01", "Week01", "{C73F2F11-39B8-470F-BF8B-A362A4DA9927}"
EndProject
Project("{FAE04EC0-301F-11D3-BF4B-00C04F79EFBC}") = "Fabienne_HelloWorld", "Fabienne_HelloWorld\Fabienne_HelloWorld.csproj", "{94C7D08E-6381-41BC-A0FA-5F91C8EBE948}"
EndProject
Project("{2150E333-8FDC-42A3-9474-1A3956D46DE8}") = "Cemal", "Cemal", "{E482D10A-0A26-4B5A-93BF-938A80895DC8}"
EndProject
Project("{2150E333-8FDC-42A3-9474-1A3956D46DE8}") = "Week01", "Week01", "{7F564C3E-9F85-45ED-9DC6-71A9471BF753}"
EndProject
Project("{FAE04EC0-301F-11D3-BF4B-00C04F79EFBC}") = "Cemal_HelloWorld", "Cemal_HelloWorld\Cemal_HelloWorld.csproj", "{732B0D63-1C73-4A56-A706-A8D2BBF160CF}"
EndProject
Project("{2150E333-8FDC-42A3-9474-1A3956D46DE8}") = "Selina", "Selina", "{14FD2C23-A095-48C8-B87F-258AC617AA45}"
EndProject
Project("{2150E333-8FDC-42A3-9474-1A3956D46DE8}") = "Week01", "Week01", "{B5D8AED7-8171-44A9-91E8-87D6B280C99A}"
EndProject
Project("{FAE04EC0-301F-11D3-BF4B-00C04F79EFBC}") = "Selina_HelloWorld", "Selina_HelloWorld\Selina_HelloWorld.csproj", "{9CD7637E-CD6E-4D72-9190-5D543636BA1C}"
EndProject
Project("{2150E333-8FDC-42A3-9474-1A3956D46DE8}") = "Riccardo", "Riccardo", "{A492873C-D15A-4210-A98B-B974DE8856A0}"
EndProject
Project("{2150E333-8FDC-42A3-9474-1A3956D46DE8}") = "Week01", "Week01", "{7902F84D-F8E0-43B2-A68B-AD2C5C437959}"
EndProject
Project("{FAE04EC0-301F-11D3-BF4B-00C04F79EFBC}") = "Riccardo_HelloWorld", "Riccardo_HelloWorld\Riccardo_HelloWorld.csproj", "{7A6ECFC6-A0E6-45E5-93D3-024369869857}"
EndProject
Project("{2150E333-8FDC-42A3-9474-1A3956D46DE8}") = "Timo", "Timo", "{74ED169B-D637-4860-B126-20B0C8695E66}"
EndProject
Project("{2150E333-8FDC-42A3-9474-1A3956D46DE8}") = "Week01", "Week01", "{3BC1721E-82FB-4DCE-8FB5-B7389998B9A7}"
EndProject
Project("{FAE04EC0-301F-11D3-BF4B-00C04F79EFBC}") = "Timo_HelloWorld", "Timo_HelloWorld\Timo_HelloWorld.csproj", "{F54A1357-2F84-49B1-A827-1A698A8C5611}"
EndProject
Project("{2150E333-8FDC-42A3-9474-1A3956D46DE8}") = "Sven", "Sven", "{2B436FDE-C925-4B5C-86B6-FE16FE6FBF39}"
EndProject
Project("{2150E333-8FDC-42A3-9474-1A3956D46DE8}") = "Week01", "Week01", "{916E9B19-EBA7-49C0-9F47-FFB8B0ED4742}"
EndProject
Project("{FAE04EC0-301F-11D3-BF4B-00C04F79EFBC}") = "Sven_HelloWorld", "Sven_HelloWorld\Sven_HelloWorld.csproj", "{5E74FE4E-D57A-4103-B96E-02D6E36D5DD5}"
EndProject
Project("{2150E333-8FDC-42A3-9474-1A3956D46DE8}") = "DarioLuis", "DarioLuis", "{FB5254D7-8813-49C2-9441-A2A3077791F2}"
EndProject
Project("{2150E333-8FDC-42A3-9474-1A3956D46DE8}") = "Week01", "Week01", "{09E1AF2D-AA54-462D-ABFD-0833DC081DF9}"
EndProject
Project("{FAE04EC0-301F-11D3-BF4B-00C04F79EFBC}") = "DarioLuis_HelloWorld", "DarioLuis_HelloWorld\DarioLuis_HelloWorld.csproj", "{7680085D-58E3-49C0-9C93-413B51DB54A3}"
EndProject
Project("{2150E333-8FDC-42A3-9474-1A3956D46DE8}") = "Fabian", "Fabian", "{B8972927-0173-4DC6-AABE-DCA82310B857}"
EndProject
Project("{2150E333-8FDC-42A3-9474-1A3956D46DE8}") = "Week01", "Week01", "{47400DE7-F10B-42CC-A02C-1FAD424EAD9B}"
EndProject
Project("{FAE04EC0-301F-11D3-BF4B-00C04F79EFBC}") = "Fabian_HelloWorld", "Fabian_HelloWorld\Fabian_HelloWorld.csproj", "{B4BADEB4-43D4-4E9D-8FC4-A04B6ABA3960}"
EndProject
Project("{2150E333-8FDC-42A3-9474-1A3956D46DE8}") = "Niklas", "Niklas", "{EE0D4CB7-A03C-470B-A317-4EDB0D769137}"
EndProject
Project("{2150E333-8FDC-42A3-9474-1A3956D46DE8}") = "Week01", "Week01", "{8CC9D402-9FA0-4D09-AB41-B1275B01CD8C}"
EndProject
Project("{FAE04EC0-301F-11D3-BF4B-00C04F79EFBC}") = "Niklas_HelloWorld", "Niklas_HelloWorld\Niklas_HelloWorld.csproj", "{0A73664C-038A-4F9C-91FC-8C304BA78E74}"
EndProject
Project("{2150E333-8FDC-42A3-9474-1A3956D46DE8}") = "Kerem", "Kerem", "{1833CBC5-D0B4-4975-9DA4-CCF39730A782}"
EndProject
Project("{2150E333-8FDC-42A3-9474-1A3956D46DE8}") = "Week01", "Week01", "{029B9985-B38F-4353-BD7A-CDCEB792FC80}"
EndProject
Project("{FAE04EC0-301F-11D3-BF4B-00C04F79EFBC}") = "Kerem_HelloWorld", "Kerem_HelloWorld\Kerem_HelloWorld.csproj", "{9B6D0FF6-CDC8-4304-97A6-FBC6CDB1BF0F}"
EndProject
Project("{2150E333-8FDC-42A3-9474-1A3956D46DE8}") = "Ali", "Ali", "{D40F287F-9521-4540-9D1C-04A32BB1FCDD}"
EndProject
Project("{2150E333-8FDC-42A3-9474-1A3956D46DE8}") = "Week01", "Week01", "{D8E2FD94-22FA-4121-B969-D215447D937D}"
EndProject
Project("{FAE04EC0-301F-11D3-BF4B-00C04F79EFBC}") = "Ali_HelloWorld", "Ali_HelloWorld\Ali_HelloWorld.csproj", "{56422785-726C-4BF1-9A2D-4D45755B1691}"
EndProject
Project("{2150E333-8FDC-42A3-9474-1A3956D46DE8}") = "Mehmet", "Mehmet", "{A101D316-DDC3-4D07-BC73-220DD051046C}"
EndProject
Project("{2150E333-8FDC-42A3-9474-1A3956D46DE8}") = "Week01", "Week01", "{36525572-08A6-4B06-9353-EEDA39AA5199}"
EndProject
Project("{FAE04EC0-301F-11D3-BF4B-00C04F79EFBC}") = "Mehmet_HelloWorld", "Mehmet_HelloWorld\Mehmet_HelloWorld.csproj", "{08307CBE-6E3F-4F9F-A424-5A0781534021}"
EndProject
Project("{2150E333-8FDC-42A3-9474-1A3956D46DE8}") = "Jovo", "Jovo", "{3EA2345E-9A32-4C9E-A5EB-DAA424144B91}"
EndProject
Project("{2150E333-8FDC-42A3-9474-1A3956D46DE8}") = "Week01", "Week01", "{52358FD0-065B-4838-8D25-12BD92CB9A97}"
EndProject
Project("{FAE04EC0-301F-11D3-BF4B-00C04F79EFBC}") = "Jovo_HelloWorld", "Jovo_HelloWorld\Jovo_HelloWorld.csproj", "{A9E1945E-6690-428F-B734-598E3ADB93A7}"
EndProject
Project("{2150E333-8FDC-42A3-9474-1A3956D46DE8}") = "Patrick", "Patrick", "{67A99354-DA1C-4EDB-A2E0-810ABD771F1E}"
EndProject
Project("{2150E333-8FDC-42A3-9474-1A3956D46DE8}") = "Week01", "Week01", "{0E9C8071-E912-4165-97C6-F2B6FFB3577F}"
EndProject
Project("{FAE04EC0-301F-11D3-BF4B-00C04F79EFBC}") = "Patrick_HelloWorld", "Patrick_HelloWorld\Patrick_HelloWorld.csproj", "{73B7D612-75E6-4675-A105-B7CC739A4730}"
EndProject
Project("{2150E333-8FDC-42A3-9474-1A3956D46DE8}") = "Michael", "Michael", "{6E1AB8BB-75D9-426E-88AF-3A881F06A845}"
EndProject
Project("{2150E333-8FDC-42A3-9474-1A3956D46DE8}") = "Week01", "Week01", "{F440C249-000F-4B85-898D-69AE8489AB96}"
EndProject
Project("{FAE04EC0-301F-11D3-BF4B-00C04F79EFBC}") = "Michael_HelloWorld", "Michael_HelloWorld\Michael_HelloWorld.csproj", "{E4113DCA-85AB-48F3-9C44-04ED598CBCE3}"
EndProject
Project("{2150E333-8FDC-42A3-9474-1A3956D46DE8}") = "Eren", "Eren", "{946BC88A-3C77-4214-B450-9F65894A89EE}"
EndProject
Project("{2150E333-8FDC-42A3-9474-1A3956D46DE8}") = "Week01", "Week01", "{E25ACBAC-6721-4A6A-A840-AD1B397C114C}"
EndProject
Project("{FAE04EC0-301F-11D3-BF4B-00C04F79EFBC}") = "Eren_HelloWorld", "Eren_HelloWorld\Eren_HelloWorld.csproj", "{0983B015-5A1D-4F94-BA44-A280E38F5A29}"
EndProject
Project("{2150E333-8FDC-42A3-9474-1A3956D46DE8}") = "Simon", "Simon", "{833F29BE-CFA2-4CC7-9051-E6D7B4187DB1}"
EndProject
Project("{2150E333-8FDC-42A3-9474-1A3956D46DE8}") = "Week01", "Week01", "{6F7552F8-B400-4AAE-90D4-2FD321F63118}"
EndProject
Project("{FAE04EC0-301F-11D3-BF4B-00C04F79EFBC}") = "Simon_HelloWorld", "Simon_HelloWorld\Simon_HelloWorld.csproj", "{1210659E-87D8-4489-8B9E-96FC0091C191}"
EndProject
Project("{2150E333-8FDC-42A3-9474-1A3956D46DE8}") = "Dimitri", "Dimitri", "{AB75DBF9-EF0E-4E33-B72D-781A771C830A}"
EndProject
Project("{2150E333-8FDC-42A3-9474-1A3956D46DE8}") = "Week01", "Week01", "{7499513F-4641-41F4-8B1F-7C81C6AC95EA}"
EndProject
Project("{FAE04EC0-301F-11D3-BF4B-00C04F79EFBC}") = "Dimitri_HelloWorld", "Dimitri_HelloWorld\Dimitri_HelloWorld.csproj", "{0C249040-AA54-48B6-B9B9-651BE6A13D95}"
EndProject
Global
	GlobalSection(SolutionConfigurationPlatforms) = preSolution
		Debug|Any CPU = Debug|Any CPU
		Release|Any CPU = Release|Any CPU
	EndGlobalSection
	GlobalSection(ProjectConfigurationPlatforms) = postSolution
		{5D4014DD-B92D-4981-BC93-DAAF30FCC71C}.Debug|Any CPU.ActiveCfg = Debug|Any CPU
		{5D4014DD-B92D-4981-BC93-DAAF30FCC71C}.Debug|Any CPU.Build.0 = Debug|Any CPU
		{5D4014DD-B92D-4981-BC93-DAAF30FCC71C}.Release|Any CPU.ActiveCfg = Release|Any CPU
		{5D4014DD-B92D-4981-BC93-DAAF30FCC71C}.Release|Any CPU.Build.0 = Release|Any CPU
		{637BC1D0-EB63-43E8-A435-76C4ADE67523}.Debug|Any CPU.ActiveCfg = Debug|Any CPU
		{637BC1D0-EB63-43E8-A435-76C4ADE67523}.Debug|Any CPU.Build.0 = Debug|Any CPU
		{637BC1D0-EB63-43E8-A435-76C4ADE67523}.Release|Any CPU.ActiveCfg = Release|Any CPU
		{637BC1D0-EB63-43E8-A435-76C4ADE67523}.Release|Any CPU.Build.0 = Release|Any CPU
		{8DAFE76C-F740-4AD6-942E-E65A8EFEA8F4}.Debug|Any CPU.ActiveCfg = Debug|Any CPU
		{8DAFE76C-F740-4AD6-942E-E65A8EFEA8F4}.Debug|Any CPU.Build.0 = Debug|Any CPU
		{8DAFE76C-F740-4AD6-942E-E65A8EFEA8F4}.Release|Any CPU.ActiveCfg = Release|Any CPU
		{8DAFE76C-F740-4AD6-942E-E65A8EFEA8F4}.Release|Any CPU.Build.0 = Release|Any CPU
		{E20EF467-6C7C-4FB0-90E2-D96E49D42100}.Debug|Any CPU.ActiveCfg = Debug|Any CPU
		{E20EF467-6C7C-4FB0-90E2-D96E49D42100}.Debug|Any CPU.Build.0 = Debug|Any CPU
		{E20EF467-6C7C-4FB0-90E2-D96E49D42100}.Release|Any CPU.ActiveCfg = Release|Any CPU
		{E20EF467-6C7C-4FB0-90E2-D96E49D42100}.Release|Any CPU.Build.0 = Release|Any CPU
		{70508288-D934-4F3E-A7AD-86C3BAD16C92}.Debug|Any CPU.ActiveCfg = Debug|Any CPU
		{70508288-D934-4F3E-A7AD-86C3BAD16C92}.Debug|Any CPU.Build.0 = Debug|Any CPU
		{70508288-D934-4F3E-A7AD-86C3BAD16C92}.Release|Any CPU.ActiveCfg = Release|Any CPU
		{70508288-D934-4F3E-A7AD-86C3BAD16C92}.Release|Any CPU.Build.0 = Release|Any CPU
		{08A2FBCC-704E-4F74-8E48-99D6B4A3FCA2}.Debug|Any CPU.ActiveCfg = Debug|Any CPU
		{08A2FBCC-704E-4F74-8E48-99D6B4A3FCA2}.Debug|Any CPU.Build.0 = Debug|Any CPU
		{08A2FBCC-704E-4F74-8E48-99D6B4A3FCA2}.Release|Any CPU.ActiveCfg = Release|Any CPU
		{08A2FBCC-704E-4F74-8E48-99D6B4A3FCA2}.Release|Any CPU.Build.0 = Release|Any CPU
		{1AC2B366-0E82-4D0B-961F-8F40A64ACA5E}.Debug|Any CPU.ActiveCfg = Debug|Any CPU
		{1AC2B366-0E82-4D0B-961F-8F40A64ACA5E}.Debug|Any CPU.Build.0 = Debug|Any CPU
		{1AC2B366-0E82-4D0B-961F-8F40A64ACA5E}.Release|Any CPU.ActiveCfg = Release|Any CPU
		{1AC2B366-0E82-4D0B-961F-8F40A64ACA5E}.Release|Any CPU.Build.0 = Release|Any CPU
		{E5C2E703-1340-44CE-B36B-2639874831B2}.Debug|Any CPU.ActiveCfg = Debug|Any CPU
		{E5C2E703-1340-44CE-B36B-2639874831B2}.Debug|Any CPU.Build.0 = Debug|Any CPU
		{E5C2E703-1340-44CE-B36B-2639874831B2}.Release|Any CPU.ActiveCfg = Release|Any CPU
		{E5C2E703-1340-44CE-B36B-2639874831B2}.Release|Any CPU.Build.0 = Release|Any CPU
		{21C21756-686E-402D-8294-F24960782335}.Debug|Any CPU.ActiveCfg = Debug|Any CPU
		{21C21756-686E-402D-8294-F24960782335}.Debug|Any CPU.Build.0 = Debug|Any CPU
		{21C21756-686E-402D-8294-F24960782335}.Release|Any CPU.ActiveCfg = Release|Any CPU
		{21C21756-686E-402D-8294-F24960782335}.Release|Any CPU.Build.0 = Release|Any CPU
		{D5C30D5C-4399-425B-A213-7E959927189B}.Debug|Any CPU.ActiveCfg = Debug|Any CPU
		{D5C30D5C-4399-425B-A213-7E959927189B}.Debug|Any CPU.Build.0 = Debug|Any CPU
		{D5C30D5C-4399-425B-A213-7E959927189B}.Release|Any CPU.ActiveCfg = Release|Any CPU
		{D5C30D5C-4399-425B-A213-7E959927189B}.Release|Any CPU.Build.0 = Release|Any CPU
		{94C7D08E-6381-41BC-A0FA-5F91C8EBE948}.Debug|Any CPU.ActiveCfg = Debug|Any CPU
		{94C7D08E-6381-41BC-A0FA-5F91C8EBE948}.Debug|Any CPU.Build.0 = Debug|Any CPU
		{94C7D08E-6381-41BC-A0FA-5F91C8EBE948}.Release|Any CPU.ActiveCfg = Release|Any CPU
		{94C7D08E-6381-41BC-A0FA-5F91C8EBE948}.Release|Any CPU.Build.0 = Release|Any CPU
		{732B0D63-1C73-4A56-A706-A8D2BBF160CF}.Debug|Any CPU.ActiveCfg = Debug|Any CPU
		{732B0D63-1C73-4A56-A706-A8D2BBF160CF}.Debug|Any CPU.Build.0 = Debug|Any CPU
		{732B0D63-1C73-4A56-A706-A8D2BBF160CF}.Release|Any CPU.ActiveCfg = Release|Any CPU
		{732B0D63-1C73-4A56-A706-A8D2BBF160CF}.Release|Any CPU.Build.0 = Release|Any CPU
		{9CD7637E-CD6E-4D72-9190-5D543636BA1C}.Debug|Any CPU.ActiveCfg = Debug|Any CPU
		{9CD7637E-CD6E-4D72-9190-5D543636BA1C}.Debug|Any CPU.Build.0 = Debug|Any CPU
		{9CD7637E-CD6E-4D72-9190-5D543636BA1C}.Release|Any CPU.ActiveCfg = Release|Any CPU
		{9CD7637E-CD6E-4D72-9190-5D543636BA1C}.Release|Any CPU.Build.0 = Release|Any CPU
		{7A6ECFC6-A0E6-45E5-93D3-024369869857}.Debug|Any CPU.ActiveCfg = Debug|Any CPU
		{7A6ECFC6-A0E6-45E5-93D3-024369869857}.Debug|Any CPU.Build.0 = Debug|Any CPU
		{7A6ECFC6-A0E6-45E5-93D3-024369869857}.Release|Any CPU.ActiveCfg = Release|Any CPU
		{7A6ECFC6-A0E6-45E5-93D3-024369869857}.Release|Any CPU.Build.0 = Release|Any CPU
		{F54A1357-2F84-49B1-A827-1A698A8C5611}.Debug|Any CPU.ActiveCfg = Debug|Any CPU
		{F54A1357-2F84-49B1-A827-1A698A8C5611}.Debug|Any CPU.Build.0 = Debug|Any CPU
		{F54A1357-2F84-49B1-A827-1A698A8C5611}.Release|Any CPU.ActiveCfg = Release|Any CPU
		{F54A1357-2F84-49B1-A827-1A698A8C5611}.Release|Any CPU.Build.0 = Release|Any CPU
		{5E74FE4E-D57A-4103-B96E-02D6E36D5DD5}.Debug|Any CPU.ActiveCfg = Debug|Any CPU
		{5E74FE4E-D57A-4103-B96E-02D6E36D5DD5}.Debug|Any CPU.Build.0 = Debug|Any CPU
		{5E74FE4E-D57A-4103-B96E-02D6E36D5DD5}.Release|Any CPU.ActiveCfg = Release|Any CPU
		{5E74FE4E-D57A-4103-B96E-02D6E36D5DD5}.Release|Any CPU.Build.0 = Release|Any CPU
		{7680085D-58E3-49C0-9C93-413B51DB54A3}.Debug|Any CPU.ActiveCfg = Debug|Any CPU
		{7680085D-58E3-49C0-9C93-413B51DB54A3}.Debug|Any CPU.Build.0 = Debug|Any CPU
		{7680085D-58E3-49C0-9C93-413B51DB54A3}.Release|Any CPU.ActiveCfg = Release|Any CPU
		{7680085D-58E3-49C0-9C93-413B51DB54A3}.Release|Any CPU.Build.0 = Release|Any CPU
		{B4BADEB4-43D4-4E9D-8FC4-A04B6ABA3960}.Debug|Any CPU.ActiveCfg = Debug|Any CPU
		{B4BADEB4-43D4-4E9D-8FC4-A04B6ABA3960}.Debug|Any CPU.Build.0 = Debug|Any CPU
		{B4BADEB4-43D4-4E9D-8FC4-A04B6ABA3960}.Release|Any CPU.ActiveCfg = Release|Any CPU
		{B4BADEB4-43D4-4E9D-8FC4-A04B6ABA3960}.Release|Any CPU.Build.0 = Release|Any CPU
		{0A73664C-038A-4F9C-91FC-8C304BA78E74}.Debug|Any CPU.ActiveCfg = Debug|Any CPU
		{0A73664C-038A-4F9C-91FC-8C304BA78E74}.Debug|Any CPU.Build.0 = Debug|Any CPU
		{0A73664C-038A-4F9C-91FC-8C304BA78E74}.Release|Any CPU.ActiveCfg = Release|Any CPU
		{0A73664C-038A-4F9C-91FC-8C304BA78E74}.Release|Any CPU.Build.0 = Release|Any CPU
		{9B6D0FF6-CDC8-4304-97A6-FBC6CDB1BF0F}.Debug|Any CPU.ActiveCfg = Debug|Any CPU
		{9B6D0FF6-CDC8-4304-97A6-FBC6CDB1BF0F}.Debug|Any CPU.Build.0 = Debug|Any CPU
		{9B6D0FF6-CDC8-4304-97A6-FBC6CDB1BF0F}.Release|Any CPU.ActiveCfg = Release|Any CPU
		{9B6D0FF6-CDC8-4304-97A6-FBC6CDB1BF0F}.Release|Any CPU.Build.0 = Release|Any CPU
		{56422785-726C-4BF1-9A2D-4D45755B1691}.Debug|Any CPU.ActiveCfg = Debug|Any CPU
		{56422785-726C-4BF1-9A2D-4D45755B1691}.Debug|Any CPU.Build.0 = Debug|Any CPU
		{56422785-726C-4BF1-9A2D-4D45755B1691}.Release|Any CPU.ActiveCfg = Release|Any CPU
		{56422785-726C-4BF1-9A2D-4D45755B1691}.Release|Any CPU.Build.0 = Release|Any CPU
		{08307CBE-6E3F-4F9F-A424-5A0781534021}.Debug|Any CPU.ActiveCfg = Debug|Any CPU
		{08307CBE-6E3F-4F9F-A424-5A0781534021}.Debug|Any CPU.Build.0 = Debug|Any CPU
		{08307CBE-6E3F-4F9F-A424-5A0781534021}.Release|Any CPU.ActiveCfg = Release|Any CPU
		{08307CBE-6E3F-4F9F-A424-5A0781534021}.Release|Any CPU.Build.0 = Release|Any CPU
		{A9E1945E-6690-428F-B734-598E3ADB93A7}.Debug|Any CPU.ActiveCfg = Debug|Any CPU
		{A9E1945E-6690-428F-B734-598E3ADB93A7}.Debug|Any CPU.Build.0 = Debug|Any CPU
		{A9E1945E-6690-428F-B734-598E3ADB93A7}.Release|Any CPU.ActiveCfg = Release|Any CPU
		{A9E1945E-6690-428F-B734-598E3ADB93A7}.Release|Any CPU.Build.0 = Release|Any CPU
		{73B7D612-75E6-4675-A105-B7CC739A4730}.Debug|Any CPU.ActiveCfg = Debug|Any CPU
		{73B7D612-75E6-4675-A105-B7CC739A4730}.Debug|Any CPU.Build.0 = Debug|Any CPU
		{73B7D612-75E6-4675-A105-B7CC739A4730}.Release|Any CPU.ActiveCfg = Release|Any CPU
		{73B7D612-75E6-4675-A105-B7CC739A4730}.Release|Any CPU.Build.0 = Release|Any CPU
		{E4113DCA-85AB-48F3-9C44-04ED598CBCE3}.Debug|Any CPU.ActiveCfg = Debug|Any CPU
		{E4113DCA-85AB-48F3-9C44-04ED598CBCE3}.Debug|Any CPU.Build.0 = Debug|Any CPU
		{E4113DCA-85AB-48F3-9C44-04ED598CBCE3}.Release|Any CPU.ActiveCfg = Release|Any CPU
		{E4113DCA-85AB-48F3-9C44-04ED598CBCE3}.Release|Any CPU.Build.0 = Release|Any CPU
		{0983B015-5A1D-4F94-BA44-A280E38F5A29}.Debug|Any CPU.ActiveCfg = Debug|Any CPU
		{0983B015-5A1D-4F94-BA44-A280E38F5A29}.Debug|Any CPU.Build.0 = Debug|Any CPU
		{0983B015-5A1D-4F94-BA44-A280E38F5A29}.Release|Any CPU.ActiveCfg = Release|Any CPU
		{0983B015-5A1D-4F94-BA44-A280E38F5A29}.Release|Any CPU.Build.0 = Release|Any CPU
		{1210659E-87D8-4489-8B9E-96FC0091C191}.Debug|Any CPU.ActiveCfg = Debug|Any CPU
		{1210659E-87D8-4489-8B9E-96FC0091C191}.Debug|Any CPU.Build.0 = Debug|Any CPU
		{1210659E-87D8-4489-8B9E-96FC0091C191}.Release|Any CPU.ActiveCfg = Release|Any CPU
		{1210659E-87D8-4489-8B9E-96FC0091C191}.Release|Any CPU.Build.0 = Release|Any CPU
		{0C249040-AA54-48B6-B9B9-651BE6A13D95}.Debug|Any CPU.ActiveCfg = Debug|Any CPU
		{0C249040-AA54-48B6-B9B9-651BE6A13D95}.Debug|Any CPU.Build.0 = Debug|Any CPU
		{0C249040-AA54-48B6-B9B9-651BE6A13D95}.Release|Any CPU.ActiveCfg = Release|Any CPU
		{0C249040-AA54-48B6-B9B9-651BE6A13D95}.Release|Any CPU.Build.0 = Release|Any CPU
	EndGlobalSection
	GlobalSection(SolutionProperties) = preSolution
		HideSolutionNode = FALSE
	EndGlobalSection
	GlobalSection(ExtensibilityGlobals) = postSolution
		SolutionGuid = {B07BC454-1B73-476D-91CF-CC509D14D195}
	EndGlobalSection
	GlobalSection(NestedProjects) = preSolution
		{4F89E97C-CE72-4AAF-A1BA-AE94FF843870} = {CA65907C-7DD1-4F57-A2AE-804A3B90189A}
		{5D4014DD-B92D-4981-BC93-DAAF30FCC71C} = {4F89E97C-CE72-4AAF-A1BA-AE94FF843870}
		{84AE970F-12FA-4B20-89D1-20BE216BF43B} = {56A07756-A604-4265-B79E-AD421DDAD485}
		{637BC1D0-EB63-43E8-A435-76C4ADE67523} = {84AE970F-12FA-4B20-89D1-20BE216BF43B}
		{A19AE8E8-1A79-4271-9AA2-3BBA85F700D1} = {819F581F-FBE0-4C5F-997D-C3627BB07BDF}
		{8DAFE76C-F740-4AD6-942E-E65A8EFEA8F4} = {A19AE8E8-1A79-4271-9AA2-3BBA85F700D1}
		{1FE6B2F5-8330-4610-8A87-6B820BD28E13} = {BAA9C2DA-0C41-4E1C-A88F-8775C44F0535}
		{E20EF467-6C7C-4FB0-90E2-D96E49D42100} = {1FE6B2F5-8330-4610-8A87-6B820BD28E13}
		{42AB147D-DBF3-4004-A9F9-06E761F3EFB3} = {5239CA2A-355A-4415-ADB3-3E7DA8D2F6B7}
		{70508288-D934-4F3E-A7AD-86C3BAD16C92} = {42AB147D-DBF3-4004-A9F9-06E761F3EFB3}
		{ABFBFFC7-16B8-4664-A546-A66B7CD18620} = {D85F55AF-5F63-4884-9570-050F6CADFB9B}
		{08A2FBCC-704E-4F74-8E48-99D6B4A3FCA2} = {ABFBFFC7-16B8-4664-A546-A66B7CD18620}
		{90CB8755-8430-447F-B3CA-1777E7E1C677} = {D6992BCE-DECA-4B89-B49B-BED449202FF0}
		{1AC2B366-0E82-4D0B-961F-8F40A64ACA5E} = {90CB8755-8430-447F-B3CA-1777E7E1C677}
		{400A5687-90A5-4D8C-BB8D-603FF65E20D8} = {7D83FF7E-B401-42BF-BC99-BAEC4A285D3D}
		{E5C2E703-1340-44CE-B36B-2639874831B2} = {400A5687-90A5-4D8C-BB8D-603FF65E20D8}
		{929D0B49-990F-4AA1-AE57-1B76CA6D86D3} = {E131AA30-290B-4046-8648-E3BEA1CE3280}
		{21C21756-686E-402D-8294-F24960782335} = {929D0B49-990F-4AA1-AE57-1B76CA6D86D3}
		{3B3D9DDA-0D0F-4364-B274-E300AD3A6A2E} = {F43CF457-142A-49D6-9846-940DC74668EF}
		{D5C30D5C-4399-425B-A213-7E959927189B} = {3B3D9DDA-0D0F-4364-B274-E300AD3A6A2E}
		{C73F2F11-39B8-470F-BF8B-A362A4DA9927} = {66AC3F24-7B99-4A23-B997-0D712149EE23}
		{94C7D08E-6381-41BC-A0FA-5F91C8EBE948} = {C73F2F11-39B8-470F-BF8B-A362A4DA9927}
		{7F564C3E-9F85-45ED-9DC6-71A9471BF753} = {E482D10A-0A26-4B5A-93BF-938A80895DC8}
		{732B0D63-1C73-4A56-A706-A8D2BBF160CF} = {7F564C3E-9F85-45ED-9DC6-71A9471BF753}
		{B5D8AED7-8171-44A9-91E8-87D6B280C99A} = {14FD2C23-A095-48C8-B87F-258AC617AA45}
		{9CD7637E-CD6E-4D72-9190-5D543636BA1C} = {B5D8AED7-8171-44A9-91E8-87D6B280C99A}
		{7902F84D-F8E0-43B2-A68B-AD2C5C437959} = {A492873C-D15A-4210-A98B-B974DE8856A0}
		{7A6ECFC6-A0E6-45E5-93D3-024369869857} = {7902F84D-F8E0-43B2-A68B-AD2C5C437959}
		{3BC1721E-82FB-4DCE-8FB5-B7389998B9A7} = {74ED169B-D637-4860-B126-20B0C8695E66}
		{F54A1357-2F84-49B1-A827-1A698A8C5611} = {3BC1721E-82FB-4DCE-8FB5-B7389998B9A7}
		{916E9B19-EBA7-49C0-9F47-FFB8B0ED4742} = {2B436FDE-C925-4B5C-86B6-FE16FE6FBF39}
		{5E74FE4E-D57A-4103-B96E-02D6E36D5DD5} = {916E9B19-EBA7-49C0-9F47-FFB8B0ED4742}
		{09E1AF2D-AA54-462D-ABFD-0833DC081DF9} = {FB5254D7-8813-49C2-9441-A2A3077791F2}
		{7680085D-58E3-49C0-9C93-413B51DB54A3} = {09E1AF2D-AA54-462D-ABFD-0833DC081DF9}
		{47400DE7-F10B-42CC-A02C-1FAD424EAD9B} = {B8972927-0173-4DC6-AABE-DCA82310B857}
		{B4BADEB4-43D4-4E9D-8FC4-A04B6ABA3960} = {47400DE7-F10B-42CC-A02C-1FAD424EAD9B}
		{8CC9D402-9FA0-4D09-AB41-B1275B01CD8C} = {EE0D4CB7-A03C-470B-A317-4EDB0D769137}
		{0A73664C-038A-4F9C-91FC-8C304BA78E74} = {8CC9D402-9FA0-4D09-AB41-B1275B01CD8C}
		{029B9985-B38F-4353-BD7A-CDCEB792FC80} = {1833CBC5-D0B4-4975-9DA4-CCF39730A782}
		{9B6D0FF6-CDC8-4304-97A6-FBC6CDB1BF0F} = {029B9985-B38F-4353-BD7A-CDCEB792FC80}
		{D8E2FD94-22FA-4121-B969-D215447D937D} = {D40F287F-9521-4540-9D1C-04A32BB1FCDD}
		{56422785-726C-4BF1-9A2D-4D45755B1691} = {D8E2FD94-22FA-4121-B969-D215447D937D}
		{36525572-08A6-4B06-9353-EEDA39AA5199} = {A101D316-DDC3-4D07-BC73-220DD051046C}
		{08307CBE-6E3F-4F9F-A424-5A0781534021} = {36525572-08A6-4B06-9353-EEDA39AA5199}
		{52358FD0-065B-4838-8D25-12BD92CB9A97} = {3EA2345E-9A32-4C9E-A5EB-DAA424144B91}
		{A9E1945E-6690-428F-B734-598E3ADB93A7} = {52358FD0-065B-4838-8D25-12BD92CB9A97}
		{0E9C8071-E912-4165-97C6-F2B6FFB3577F} = {67A99354-DA1C-4EDB-A2E0-810ABD771F1E}
		{73B7D612-75E6-4675-A105-B7CC739A4730} = {0E9C8071-E912-4165-97C6-F2B6FFB3577F}
		{F440C249-000F-4B85-898D-69AE8489AB96} = {6E1AB8BB-75D9-426E-88AF-3A881F06A845}
		{E4113DCA-85AB-48F3-9C44-04ED598CBCE3} = {F440C249-000F-4B85-898D-69AE8489AB96}
		{E25ACBAC-6721-4A6A-A840-AD1B397C114C} = {946BC88A-3C77-4214-B450-9F65894A89EE}
		{0983B015-5A1D-4F94-BA44-A280E38F5A29} = {E25ACBAC-6721-4A6A-A840-AD1B397C114C}
		{6F7552F8-B400-4AAE-90D4-2FD321F63118} = {833F29BE-CFA2-4CC7-9051-E6D7B4187DB1}
		{1210659E-87D8-4489-8B9E-96FC0091C191} = {6F7552F8-B400-4AAE-90D4-2FD321F63118}
		{7499513F-4641-41F4-8B1F-7C81C6AC95EA} = {AB75DBF9-EF0E-4E33-B72D-781A771C830A}
		{0C249040-AA54-48B6-B9B9-651BE6A13D95} = {7499513F-4641-41F4-8B1F-7C81C6AC95EA}
	EndGlobalSection
EndGlobal
